
Microsoft Visual Studio Solution File, Format Version 12.00
# Visual Studio Version 17
VisualStudioVersion = 17.0.31903.59
MinimumVisualStudioVersion = 10.0.40219.1
Project("{2150E333-8FDC-42A3-9474-1A3956D46DE8}") = "src", "src", "{5C494D79-B823-413C-A591-743B91F803B2}"
EndProject
Project("{2150E333-8FDC-42A3-9474-1A3956D46DE8}") = "Api", "Api", "{AE883236-606C-4E19-A569-BACA0ED0B354}"
EndProject
Project("{FAE04EC0-301F-11D3-BF4B-00C04F79EFBC}") = "ReleaseLab.Api", "src\Api\ReleaseLab.Api\ReleaseLab.Api.csproj", "{8AA73DF8-7D4F-477C-9F06-1170EBC7E441}"
EndProject
Project("{FAE04EC0-301F-11D3-BF4B-00C04F79EFBC}") = "ReleaseLab.Upload", "src\Api\ReleaseLab.Upload\ReleaseLab.Upload.csproj", "{D408BC31-718B-4DC3-8531-42C6277BD33B}"
EndProject
Project("{FAE04EC0-301F-11D3-BF4B-00C04F79EFBC}") = "ReleaseLab.Admin", "src\Api\ReleaseLab.Admin\ReleaseLab.Admin.csproj", "{27D54258-D8A2-4898-9B00-213146D6BB1B}"
EndProject
Project("{2150E333-8FDC-42A3-9474-1A3956D46DE8}") = "Workers", "Workers", "{72E237E0-A90B-48CA-99BB-B2C91E177AC6}"
EndProject
Project("{FAE04EC0-301F-11D3-BF4B-00C04F79EFBC}") = "ReleaseLab.Worker.Mastering", "src\Workers\ReleaseLab.Worker.Mastering\ReleaseLab.Worker.Mastering.csproj", "{1BC7D6CF-2607-46EA-A00E-40D7E9ED5B41}"
EndProject
Project("{2150E333-8FDC-42A3-9474-1A3956D46DE8}") = "Core", "Core", "{E38B086D-60EC-43E8-AB0A-D8B78994405C}"
EndProject
Project("{FAE04EC0-301F-11D3-BF4B-00C04F79EFBC}") = "ReleaseLab.Domain", "src\Core\ReleaseLab.Domain\ReleaseLab.Domain.csproj", "{7E3B63F1-CC14-4F2F-8F23-83A5D69A46B0}"
EndProject
Project("{FAE04EC0-301F-11D3-BF4B-00C04F79EFBC}") = "ReleaseLab.Application", "src\Core\ReleaseLab.Application\ReleaseLab.Application.csproj", "{BB0C4ED1-3C2C-4DD5-8504-44F5E753F5A8}"
EndProject
Project("{FAE04EC0-301F-11D3-BF4B-00C04F79EFBC}") = "ReleaseLab.Contracts", "src\Core\ReleaseLab.Contracts\ReleaseLab.Contracts.csproj", "{0C7208C9-3DE9-4D78-8D6B-E9155B3ACAAF}"
EndProject
Project("{2150E333-8FDC-42A3-9474-1A3956D46DE8}") = "Infrastructure", "Infrastructure", "{724AD25E-B7FC-433B-A8DC-434B4CFFC485}"
EndProject
Project("{FAE04EC0-301F-11D3-BF4B-00C04F79EFBC}") = "ReleaseLab.Infrastructure.Data", "src\Infrastructure\ReleaseLab.Infrastructure.Data\ReleaseLab.Infrastructure.Data.csproj", "{8F3159A7-4124-4A58-8C0A-6BDD9E6F86D9}"
EndProject
Project("{FAE04EC0-301F-11D3-BF4B-00C04F79EFBC}") = "ReleaseLab.Infrastructure.Storage", "src\Infrastructure\ReleaseLab.Infrastructure.Storage\ReleaseLab.Infrastructure.Storage.csproj", "{7B7DF32D-0992-4AB7-A5E2-45E83DC09922}"
EndProject
Project("{FAE04EC0-301F-11D3-BF4B-00C04F79EFBC}") = "ReleaseLab.Infrastructure.Queue", "src\Infrastructure\ReleaseLab.Infrastructure.Queue\ReleaseLab.Infrastructure.Queue.csproj", "{CDD31FDF-0CD2-4DD6-9415-8E1926820280}"
EndProject
Project("{FAE04EC0-301F-11D3-BF4B-00C04F79EFBC}") = "ReleaseLab.Infrastructure.Payments", "src\Infrastructure\ReleaseLab.Infrastructure.Payments\ReleaseLab.Infrastructure.Payments.csproj", "{984617B8-E7D6-4098-A91A-69E4795CDBE2}"
EndProject
Project("{FAE04EC0-301F-11D3-BF4B-00C04F79EFBC}") = "ReleaseLab.Infrastructure.Audio", "src\Infrastructure\ReleaseLab.Infrastructure.Audio\ReleaseLab.Infrastructure.Audio.csproj", "{FD79F02D-C62C-4E44-9212-FC8FCB119601}"
EndProject
Project("{2150E333-8FDC-42A3-9474-1A3956D46DE8}") = "tests", "tests", "{5067B9A9-1A17-4133-AA12-0D9515C34CA5}"
EndProject
Project("{FAE04EC0-301F-11D3-BF4B-00C04F79EFBC}") = "ReleaseLab.UnitTests", "tests\ReleaseLab.UnitTests\ReleaseLab.UnitTests.csproj", "{7E0E16F2-4982-47A2-86AD-7336260786D5}"
EndProject
Project("{FAE04EC0-301F-11D3-BF4B-00C04F79EFBC}") = "ReleaseLab.IntegrationTests", "tests\ReleaseLab.IntegrationTests\ReleaseLab.IntegrationTests.csproj", "{75199DB9-E91A-4837-AF12-83078B303936}"
EndProject
Project("{FAE04EC0-301F-11D3-BF4B-00C04F79EFBC}") = "ReleaseLab.Worker.Tests", "tests\ReleaseLab.Worker.Tests\ReleaseLab.Worker.Tests.csproj", "{7D036479-6D27-446F-BEB3-B7F38279EA25}"
EndProject
Global
	GlobalSection(SolutionConfigurationPlatforms) = preSolution
		Debug|Any CPU = Debug|Any CPU
		Release|Any CPU = Release|Any CPU
	EndGlobalSection
	GlobalSection(SolutionProperties) = preSolution
		HideSolutionNode = FALSE
	EndGlobalSection
	GlobalSection(ProjectConfigurationPlatforms) = postSolution
		{8AA73DF8-7D4F-477C-9F06-1170EBC7E441}.Debug|Any CPU.ActiveCfg = Debug|Any CPU
		{8AA73DF8-7D4F-477C-9F06-1170EBC7E441}.Debug|Any CPU.Build.0 = Debug|Any CPU
		{8AA73DF8-7D4F-477C-9F06-1170EBC7E441}.Release|Any CPU.ActiveCfg = Release|Any CPU
		{8AA73DF8-7D4F-477C-9F06-1170EBC7E441}.Release|Any CPU.Build.0 = Release|Any CPU
		{D408BC31-718B-4DC3-8531-42C6277BD33B}.Debug|Any CPU.ActiveCfg = Debug|Any CPU
		{D408BC31-718B-4DC3-8531-42C6277BD33B}.Debug|Any CPU.Build.0 = Debug|Any CPU
		{D408BC31-718B-4DC3-8531-42C6277BD33B}.Release|Any CPU.ActiveCfg = Release|Any CPU
		{D408BC31-718B-4DC3-8531-42C6277BD33B}.Release|Any CPU.Build.0 = Release|Any CPU
		{27D54258-D8A2-4898-9B00-213146D6BB1B}.Debug|Any CPU.ActiveCfg = Debug|Any CPU
		{27D54258-D8A2-4898-9B00-213146D6BB1B}.Debug|Any CPU.Build.0 = Debug|Any CPU
		{27D54258-D8A2-4898-9B00-213146D6BB1B}.Release|Any CPU.ActiveCfg = Release|Any CPU
		{27D54258-D8A2-4898-9B00-213146D6BB1B}.Release|Any CPU.Build.0 = Release|Any CPU
		{1BC7D6CF-2607-46EA-A00E-40D7E9ED5B41}.Debug|Any CPU.ActiveCfg = Debug|Any CPU
		{1BC7D6CF-2607-46EA-A00E-40D7E9ED5B41}.Debug|Any CPU.Build.0 = Debug|Any CPU
		{1BC7D6CF-2607-46EA-A00E-40D7E9ED5B41}.Release|Any CPU.ActiveCfg = Release|Any CPU
		{1BC7D6CF-2607-46EA-A00E-40D7E9ED5B41}.Release|Any CPU.Build.0 = Release|Any CPU
		{7E3B63F1-CC14-4F2F-8F23-83A5D69A46B0}.Debug|Any CPU.ActiveCfg = Debug|Any CPU
		{7E3B63F1-CC14-4F2F-8F23-83A5D69A46B0}.Debug|Any CPU.Build.0 = Debug|Any CPU
		{7E3B63F1-CC14-4F2F-8F23-83A5D69A46B0}.Release|Any CPU.ActiveCfg = Release|Any CPU
		{7E3B63F1-CC14-4F2F-8F23-83A5D69A46B0}.Release|Any CPU.Build.0 = Release|Any CPU
		{BB0C4ED1-3C2C-4DD5-8504-44F5E753F5A8}.Debug|Any CPU.ActiveCfg = Debug|Any CPU
		{BB0C4ED1-3C2C-4DD5-8504-44F5E753F5A8}.Debug|Any CPU.Build.0 = Debug|Any CPU
		{BB0C4ED1-3C2C-4DD5-8504-44F5E753F5A8}.Release|Any CPU.ActiveCfg = Release|Any CPU
		{BB0C4ED1-3C2C-4DD5-8504-44F5E753F5A8}.Release|Any CPU.Build.0 = Release|Any CPU
		{0C7208C9-3DE9-4D78-8D6B-E9155B3ACAAF}.Debug|Any CPU.ActiveCfg = Debug|Any CPU
		{0C7208C9-3DE9-4D78-8D6B-E9155B3ACAAF}.Debug|Any CPU.Build.0 = Debug|Any CPU
		{0C7208C9-3DE9-4D78-8D6B-E9155B3ACAAF}.Release|Any CPU.ActiveCfg = Release|Any CPU
		{0C7208C9-3DE9-4D78-8D6B-E9155B3ACAAF}.Release|Any CPU.Build.0 = Release|Any CPU
		{8F3159A7-4124-4A58-8C0A-6BDD9E6F86D9}.Debug|Any CPU.ActiveCfg = Debug|Any CPU
		{8F3159A7-4124-4A58-8C0A-6BDD9E6F86D9}.Debug|Any CPU.Build.0 = Debug|Any CPU
		{8F3159A7-4124-4A58-8C0A-6BDD9E6F86D9}.Release|Any CPU.ActiveCfg = Release|Any CPU
		{8F3159A7-4124-4A58-8C0A-6BDD9E6F86D9}.Release|Any CPU.Build.0 = Release|Any CPU
		{7B7DF32D-0992-4AB7-A5E2-45E83DC09922}.Debug|Any CPU.ActiveCfg = Debug|Any CPU
		{7B7DF32D-0992-4AB7-A5E2-45E83DC09922}.Debug|Any CPU.Build.0 = Debug|Any CPU
		{7B7DF32D-0992-4AB7-A5E2-45E83DC09922}.Release|Any CPU.ActiveCfg = Release|Any CPU
		{7B7DF32D-0992-4AB7-A5E2-45E83DC09922}.Release|Any CPU.Build.0 = Release|Any CPU
		{CDD31FDF-0CD2-4DD6-9415-8E1926820280}.Debug|Any CPU.ActiveCfg = Debug|Any CPU
		{CDD31FDF-0CD2-4DD6-9415-8E1926820280}.Debug|Any CPU.Build.0 = Debug|Any CPU
		{CDD31FDF-0CD2-4DD6-9415-8E1926820280}.Release|Any CPU.ActiveCfg = Release|Any CPU
		{CDD31FDF-0CD2-4DD6-9415-8E1926820280}.Release|Any CPU.Build.0 = Release|Any CPU
		{984617B8-E7D6-4098-A91A-69E4795CDBE2}.Debug|Any CPU.ActiveCfg = Debug|Any CPU
		{984617B8-E7D6-4098-A91A-69E4795CDBE2}.Debug|Any CPU.Build.0 = Debug|Any CPU
		{984617B8-E7D6-4098-A91A-69E4795CDBE2}.Release|Any CPU.ActiveCfg = Release|Any CPU
		{984617B8-E7D6-4098-A91A-69E4795CDBE2}.Release|Any CPU.Build.0 = Release|Any CPU
		{FD79F02D-C62C-4E44-9212-FC8FCB119601}.Debug|Any CPU.ActiveCfg = Debug|Any CPU
		{FD79F02D-C62C-4E44-9212-FC8FCB119601}.Debug|Any CPU.Build.0 = Debug|Any CPU
		{FD79F02D-C62C-4E44-9212-FC8FCB119601}.Release|Any CPU.ActiveCfg = Release|Any CPU
		{FD79F02D-C62C-4E44-9212-FC8FCB119601}.Release|Any CPU.Build.0 = Release|Any CPU
		{7E0E16F2-4982-47A2-86AD-7336260786D5}.Debug|Any CPU.ActiveCfg = Debug|Any CPU
		{7E0E16F2-4982-47A2-86AD-7336260786D5}.Debug|Any CPU.Build.0 = Debug|Any CPU
		{7E0E16F2-4982-47A2-86AD-7336260786D5}.Release|Any CPU.ActiveCfg = Release|Any CPU
		{7E0E16F2-4982-47A2-86AD-7336260786D5}.Release|Any CPU.Build.0 = Release|Any CPU
		{75199DB9-E91A-4837-AF12-83078B303936}.Debug|Any CPU.ActiveCfg = Debug|Any CPU
		{75199DB9-E91A-4837-AF12-83078B303936}.Debug|Any CPU.Build.0 = Debug|Any CPU
		{75199DB9-E91A-4837-AF12-83078B303936}.Release|Any CPU.ActiveCfg = Release|Any CPU
		{75199DB9-E91A-4837-AF12-83078B303936}.Release|Any CPU.Build.0 = Release|Any CPU
		{7D036479-6D27-446F-BEB3-B7F38279EA25}.Debug|Any CPU.ActiveCfg = Debug|Any CPU
		{7D036479-6D27-446F-BEB3-B7F38279EA25}.Debug|Any CPU.Build.0 = Debug|Any CPU
		{7D036479-6D27-446F-BEB3-B7F38279EA25}.Release|Any CPU.ActiveCfg = Release|Any CPU
		{7D036479-6D27-446F-BEB3-B7F38279EA25}.Release|Any CPU.Build.0 = Release|Any CPU
	EndGlobalSection
	GlobalSection(NestedProjects) = preSolution
		{AE883236-606C-4E19-A569-BACA0ED0B354} = {5C494D79-B823-413C-A591-743B91F803B2}
		{8AA73DF8-7D4F-477C-9F06-1170EBC7E441} = {AE883236-606C-4E19-A569-BACA0ED0B354}
		{D408BC31-718B-4DC3-8531-42C6277BD33B} = {AE883236-606C-4E19-A569-BACA0ED0B354}
		{27D54258-D8A2-4898-9B00-213146D6BB1B} = {AE883236-606C-4E19-A569-BACA0ED0B354}
		{72E237E0-A90B-48CA-99BB-B2C91E177AC6} = {5C494D79-B823-413C-A591-743B91F803B2}
		{1BC7D6CF-2607-46EA-A00E-40D7E9ED5B41} = {72E237E0-A90B-48CA-99BB-B2C91E177AC6}
		{E38B086D-60EC-43E8-AB0A-D8B78994405C} = {5C494D79-B823-413C-A591-743B91F803B2}
		{7E3B63F1-CC14-4F2F-8F23-83A5D69A46B0} = {E38B086D-60EC-43E8-AB0A-D8B78994405C}
		{BB0C4ED1-3C2C-4DD5-8504-44F5E753F5A8} = {E38B086D-60EC-43E8-AB0A-D8B78994405C}
		{0C7208C9-3DE9-4D78-8D6B-E9155B3ACAAF} = {E38B086D-60EC-43E8-AB0A-D8B78994405C}
		{724AD25E-B7FC-433B-A8DC-434B4CFFC485} = {5C494D79-B823-413C-A591-743B91F803B2}
		{8F3159A7-4124-4A58-8C0A-6BDD9E6F86D9} = {724AD25E-B7FC-433B-A8DC-434B4CFFC485}
		{7B7DF32D-0992-4AB7-A5E2-45E83DC09922} = {724AD25E-B7FC-433B-A8DC-434B4CFFC485}
		{CDD31FDF-0CD2-4DD6-9415-8E1926820280} = {724AD25E-B7FC-433B-A8DC-434B4CFFC485}
		{984617B8-E7D6-4098-A91A-69E4795CDBE2} = {724AD25E-B7FC-433B-A8DC-434B4CFFC485}
		{FD79F02D-C62C-4E44-9212-FC8FCB119601} = {724AD25E-B7FC-433B-A8DC-434B4CFFC485}
		{7E0E16F2-4982-47A2-86AD-7336260786D5} = {5067B9A9-1A17-4133-AA12-0D9515C34CA5}
		{75199DB9-E91A-4837-AF12-83078B303936} = {5067B9A9-1A17-4133-AA12-0D9515C34CA5}
		{7D036479-6D27-446F-BEB3-B7F38279EA25} = {5067B9A9-1A17-4133-AA12-0D9515C34CA5}
	EndGlobalSection
EndGlobal
